
Microsoft Visual Studio Solution File, Format Version 12.00
# Visual Studio 15
VisualStudioVersion = 15.0.27004.2009
MinimumVisualStudioVersion = 10.0.40219.1
Project("{FAE04EC0-301F-11D3-BF4B-00C04F79EFBC}") = "testsqlite-memory", "testsqlite-memory\testsqlite-memory.csproj", "{951BB19A-6D3E-4F75-8417-58DD9B4C4639}"
EndProject
Global
	GlobalSection(SolutionConfigurationPlatforms) = preSolution
		Debug|Any CPU = Debug|Any CPU
		Release|Any CPU = Release|Any CPU
	EndGlobalSection
	GlobalSection(ProjectConfigurationPlatforms) = postSolution
		{951BB19A-6D3E-4F75-8417-58DD9B4C4639}.Debug|Any CPU.ActiveCfg = Debug|Any CPU
		{951BB19A-6D3E-4F75-8417-58DD9B4C4639}.Debug|Any CPU.Build.0 = Debug|Any CPU
		{951BB19A-6D3E-4F75-8417-58DD9B4C4639}.Release|Any CPU.ActiveCfg = Release|Any CPU
		{951BB19A-6D3E-4F75-8417-58DD9B4C4639}.Release|Any CPU.Build.0 = Release|Any CPU
	EndGlobalSection
	GlobalSection(SolutionProperties) = preSolution
		HideSolutionNode = FALSE
	EndGlobalSection
	GlobalSection(ExtensibilityGlobals) = postSolution
		SolutionGuid = {55E75EEA-060C-46D8-ADDA-8C428B0B6A30}
	EndGlobalSection
EndGlobal
